
Microsoft Visual Studio Solution File, Format Version 12.00
# Visual Studio Version 17
VisualStudioVersion = 17.14.37314.3 d17.14
MinimumVisualStudioVersion = 10.0.40219.1
Project("{FAE04EC0-301F-11D3-BF4B-00C04F79EFBC}") = "ShopFullStack.Api", "ShopFullStack.Api\ShopFullStack.Api.csproj", "{18C73120-ABD1-40FA-A47D-F5591ABE1F3E}"
EndProject
Global
	GlobalSection(SolutionConfigurationPlatforms) = preSolution
		Debug|Any CPU = Debug|Any CPU
		Release|Any CPU = Release|Any CPU
	EndGlobalSection
	GlobalSection(ProjectConfigurationPlatforms) = postSolution
		{18C73120-ABD1-40FA-A47D-F5591ABE1F3E}.Debug|Any CPU.ActiveCfg = Debug|Any CPU
		{18C73120-ABD1-40FA-A47D-F5591ABE1F3E}.Debug|Any CPU.Build.0 = Debug|Any CPU
		{18C73120-ABD1-40FA-A47D-F5591ABE1F3E}.Release|Any CPU.ActiveCfg = Release|Any CPU
		{18C73120-ABD1-40FA-A47D-F5591ABE1F3E}.Release|Any CPU.Build.0 = Release|Any CPU
	EndGlobalSection
	GlobalSection(SolutionProperties) = preSolution
		HideSolutionNode = FALSE
	EndGlobalSection
	GlobalSection(ExtensibilityGlobals) = postSolution
		SolutionGuid = {B8DF4AFD-2AB5-4FDB-8636-EE88EF7A3810}
	EndGlobalSection
EndGlobal
